// !$*UTF8*$!
{
	archiveVersion = 1;
	classes = {
	};
	objectVersion = 55;
	objects = {

/* Begin PBXBuildFile section */
		F439F2B727C5794D00626667 /* Common.m in Sources */ = {isa = PBXBuildFile; fileRef = F45C87A327C0457A00EF9845 /* Common.m */; };
		F45C87A627C0457A00EF9845 /* main.m in Sources */ = {isa = PBXBuildFile; fileRef = F45C879F27C0457900EF9845 /* main.m */; };
		F45C87A927C0457A00EF9845 /* Hear.m in Sources */ = {isa = PBXBuildFile; fileRef = F45C87A427C0457A00EF9845 /* Hear.m */; };
		F4A6209F29EEC7BB00DD9BE1 /* Speech.framework in Frameworks */ = {isa = PBXBuildFile; fileRef = F4A6209E29EEC7BB00DD9BE1 /* Speech.framework */; };
/* End PBXBuildFile section */

/* Begin PBXCopyFilesBuildPhase section */
		F43A461927C010B2000469BC /* CopyFiles */ = {
			isa = PBXCopyFilesBuildPhase;
			buildActionMask = 2147483647;
			dstPath = /usr/share/man/man1/;
			dstSubfolderSpec = 0;
			files = (
			);
			runOnlyForDeploymentPostprocessing = 1;
		};
/* End PBXCopyFilesBuildPhase section */

/* Begin PBXFileReference section */
		F439F2C027D5157A00626667 /* install.sh */ = {isa = PBXFileReference; lastKnownFileType = text.script.sh; path = install.sh; sourceTree = "<group>"; };
		F439F2C327D51D7F00626667 /* test.wav */ = {isa = PBXFileReference; lastKnownFileType = audio.wav; path = test.wav; sourceTree = "<group>"; };
		F439F2C427D51D7F00626667 /* test.sh */ = {isa = PBXFileReference; lastKnownFileType = text.script.sh; path = test.sh; sourceTree = "<group>"; };
		F439F2C527D55BFF00626667 /* macos.yml */ = {isa = PBXFileReference; lastKnownFileType = text.yaml; name = macos.yml; path = .github/workflows/macos.yml; sourceTree = "<group>"; };
		F43A461B27C010B2000469BC /* hear */ = {isa = PBXFileReference; explicitFileType = "compiled.mach-o.executable"; includeInIndex = 0; path = hear; sourceTree = BUILT_PRODUCTS_DIR; };
		F45C879D27C0457900EF9845 /* hear.1 */ = {isa = PBXFileReference; fileEncoding = 4; lastKnownFileType = text.man; path = hear.1; sourceTree = "<group>"; };
		F45C879E27C0457900EF9845 /* Common.h */ = {isa = PBXFileReference; fileEncoding = 4; lastKnownFileType = sourcecode.c.h; path = Common.h; sourceTree = "<group>"; };
		F45C879F27C0457900EF9845 /* main.m */ = {isa = PBXFileReference; fileEncoding = 4; lastKnownFileType = sourcecode.c.objc; path = main.m; sourceTree = "<group>"; };
		F45C87A027C0457900EF9845 /* Makefile */ = {isa = PBXFileReference; fileEncoding = 4; lastKnownFileType = sourcecode.make; path = Makefile; sourceTree = "<group>"; };
		F45C87A127C0457A00EF9845 /* README.md */ = {isa = PBXFileReference; fileEncoding = 4; lastKnownFileType = net.daringfireball.markdown; path = README.md; sourceTree = "<group>"; };
		F45C87A227C0457A00EF9845 /* Hear.h */ = {isa = PBXFileReference; fileEncoding = 4; lastKnownFileType = sourcecode.c.h; path = Hear.h; sourceTree = "<group>"; };
		F45C87A327C0457A00EF9845 /* Common.m */ = {isa = PBXFileReference; fileEncoding = 4; lastKnownFileType = sourcecode.c.objc; path = Common.m; sourceTree = "<group>"; };
		F45C87A427C0457A00EF9845 /* Hear.m */ = {isa = PBXFileReference; fileEncoding = 4; lastKnownFileType = sourcecode.c.objc; path = Hear.m; sourceTree = "<group>"; };
		F45C87A527C0457A00EF9845 /* Info.plist */ = {isa = PBXFileReference; fileEncoding = 4; lastKnownFileType = text.plist.xml; path = Info.plist; sourceTree = "<group>"; };
		F47FA1B7290B31C500914395 /* TODO.md */ = {isa = PBXFileReference; lastKnownFileType = net.daringfireball.markdown; path = TODO.md; sourceTree = "<group>"; };
		F47FA1B8290B38EF00914395 /* test.mp3 */ = {isa = PBXFileReference; lastKnownFileType = audio.mp3; path = test.mp3; sourceTree = "<group>"; };
		F4A6209E29EEC7BB00DD9BE1 /* Speech.framework */ = {isa = PBXFileReference; lastKnownFileType = wrapper.framework; name = Speech.framework; path = System/Library/Frameworks/Speech.framework; sourceTree = SDKROOT; };
		F4ACB73928DB41DA00E9E778 /* hear.entitlements */ = {isa = PBXFileReference; lastKnownFileType = text.plist.entitlements; path = hear.entitlements; sourceTree = "<group>"; };
		F4B96E4629CF4B1C0023A4BF /* CHANGES.md */ = {isa = PBXFileReference; lastKnownFileType = net.daringfireball.markdown; path = CHANGES.md; sourceTree = "<group>"; };
/* End PBXFileReference section */

/* Begin PBXFrameworksBuildPhase section */
		F43A461827C010B2000469BC /* Frameworks */ = {
			isa = PBXFrameworksBuildPhase;
			buildActionMask = 2147483647;
			files = (
				F4A6209F29EEC7BB00DD9BE1 /* Speech.framework in Frameworks */,
			);
			runOnlyForDeploymentPostprocessing = 0;
		};
/* End PBXFrameworksBuildPhase section */

/* Begin PBXGroup section */
		F439F2C227D51D7F00626667 /* test */ = {
			isa = PBXGroup;
			children = (
				F439F2C427D51D7F00626667 /* test.sh */,
				F439F2C327D51D7F00626667 /* test.wav */,
				F47FA1B8290B38EF00914395 /* test.mp3 */,
			);
			path = test;
			sourceTree = "<group>";
		};
		F43A461227C010B2000469BC = {
			isa = PBXGroup;
			children = (
				F4ACB73928DB41DA00E9E778 /* hear.entitlements */,
				F439F2C527D55BFF00626667 /* macos.yml */,
				F45C87A127C0457A00EF9845 /* README.md */,
				F47FA1B7290B31C500914395 /* TODO.md */,
				F4B96E4629CF4B1C0023A4BF /* CHANGES.md */,
				F45C87A027C0457900EF9845 /* Makefile */,
				F439F2C027D5157A00626667 /* install.sh */,
				F45C879D27C0457900EF9845 /* hear.1 */,
				F45C87A527C0457A00EF9845 /* Info.plist */,
				F45C87AA27C0458300EF9845 /* src */,
				F439F2C227D51D7F00626667 /* test */,
				F43A461C27C010B2000469BC /* Products */,
				F4A6209D29EEC7BB00DD9BE1 /* Frameworks */,
			);
			sourceTree = "<group>";
		};
		F43A461C27C010B2000469BC /* Products */ = {
			isa = PBXGroup;
			children = (
				F43A461B27C010B2000469BC /* hear */,
			);
			name = Products;
			sourceTree = "<group>";
		};
		F45C87AA27C0458300EF9845 /* src */ = {
			isa = PBXGroup;
			children = (
				F45C879F27C0457900EF9845 /* main.m */,
				F45C879E27C0457900EF9845 /* Common.h */,
				F45C87A327C0457A00EF9845 /* Common.m */,
				F45C87A227C0457A00EF9845 /* Hear.h */,
				F45C87A427C0457A00EF9845 /* Hear.m */,
			);
			path = src;
			sourceTree = "<group>";
		};
		F4A6209D29EEC7BB00DD9BE1 /* Frameworks */ = {
			isa = PBXGroup;
			children = (
				F4A6209E29EEC7BB00DD9BE1 /* Speech.framework */,
			);
			name = Frameworks;
			sourceTree = "<group>";
		};
/* End PBXGroup section */

/* Begin PBXNativeTarget section */
		F43A461A27C010B2000469BC /* hear */ = {
			isa = PBXNativeTarget;
			buildConfigurationList = F43A462227C010B2000469BC /* Build configuration list for PBXNativeTarget "hear" */;
			buildPhases = (
				F43A461727C010B2000469BC /* Sources */,
				F43A461827C010B2000469BC /* Frameworks */,
				F43A461927C010B2000469BC /* CopyFiles */,
				F4B96E4729D0FA690023A4BF /* ShellScript */,
			);
			buildRules = (
			);
			dependencies = (
			);
			name = hear;
			productName = listen;
			productReference = F43A461B27C010B2000469BC /* hear */;
			productType = "com.apple.product-type.tool";
		};
/* End PBXNativeTarget section */

/* Begin PBXProject section */
		F43A461327C010B2000469BC /* Project object */ = {
			isa = PBXProject;
			attributes = {
				BuildIndependentTargetsInParallel = 1;
				LastUpgradeCheck = 1400;
				TargetAttributes = {
					F43A461A27C010B2000469BC = {
						CreatedOnToolsVersion = 13.2.1;
					};
				};
			};
			buildConfigurationList = F43A461627C010B2000469BC /* Build configuration list for PBXProject "hear" */;
			compatibilityVersion = "Xcode 13.0";
			developmentRegion = en;
			hasScannedForEncodings = 0;
			knownRegions = (
				en,
				Base,
			);
			mainGroup = F43A461227C010B2000469BC;
			productRefGroup = F43A461C27C010B2000469BC /* Products */;
			projectDirPath = "";
			projectRoot = "";
			targets = (
				F43A461A27C010B2000469BC /* hear */,
			);
		};
/* End PBXProject section */

/* Begin PBXShellScriptBuildPhase section */
		F4B96E4729D0FA690023A4BF /* ShellScript */ = {
			isa = PBXShellScriptBuildPhase;
			alwaysOutOfDate = 1;
			buildActionMask = 2147483647;
			files = (
			);
			inputFileListPaths = (
			);
			inputPaths = (
			);
			outputFileListPaths = (
			);
			outputPaths = (
			);
			runOnlyForDeploymentPostprocessing = 0;
			shellPath = /bin/sh;
			shellScript = "# Type a script or drag a script file from your workspace to insert its path.\nstrip -Tx  \"$SRCROOT/products/hear\"\n";
		};
/* End PBXShellScriptBuildPhase section */

/* Begin PBXSourcesBuildPhase section */
		F43A461727C010B2000469BC /* Sources */ = {
			isa = PBXSourcesBuildPhase;
			buildActionMask = 2147483647;
			files = (
				F439F2B727C5794D00626667 /* Common.m in Sources */,
				F45C87A927C0457A00EF9845 /* Hear.m in Sources */,
				F45C87A627C0457A00EF9845 /* main.m in Sources */,
			);
			runOnlyForDeploymentPostprocessing = 0;
		};
/* End PBXSourcesBuildPhase section */

/* Begin XCBuildConfiguration section */
		F43A462027C010B2000469BC /* Debug */ = {
			isa = XCBuildConfiguration;
			buildSettings = {
				ALWAYS_SEARCH_USER_PATHS = NO;
				CLANG_ANALYZER_NONNULL = YES;
				CLANG_ANALYZER_NUMBER_OBJECT_CONVERSION = YES_AGGRESSIVE;
				CLANG_CXX_LANGUAGE_STANDARD = "gnu++17";
				CLANG_CXX_LIBRARY = "libc++";
				CLANG_ENABLE_MODULES = YES;
				CLANG_ENABLE_OBJC_ARC = YES;
				CLANG_ENABLE_OBJC_WEAK = YES;
				CLANG_WARN_BLOCK_CAPTURE_AUTORELEASING = YES;
				CLANG_WARN_BOOL_CONVERSION = YES;
				CLANG_WARN_COMMA = YES;
				CLANG_WARN_CONSTANT_CONVERSION = YES;
				CLANG_WARN_DEPRECATED_OBJC_IMPLEMENTATIONS = YES;
				CLANG_WARN_DIRECT_OBJC_ISA_USAGE = YES_ERROR;
				CLANG_WARN_DOCUMENTATION_COMMENTS = YES;
				CLANG_WARN_EMPTY_BODY = YES;
				CLANG_WARN_ENUM_CONVERSION = YES;
				CLANG_WARN_INFINITE_RECURSION = YES;
				CLANG_WARN_INT_CONVERSION = YES;
				CLANG_WARN_NON_LITERAL_NULL_CONVERSION = YES;
				CLANG_WARN_OBJC_IMPLICIT_RETAIN_SELF = YES;
				CLANG_WARN_OBJC_LITERAL_CONVERSION = YES;
				CLANG_WARN_OBJC_ROOT_CLASS = YES_ERROR;
				CLANG_WARN_QUOTED_INCLUDE_IN_FRAMEWORK_HEADER = YES;
				CLANG_WARN_RANGE_LOOP_ANALYSIS = YES;
				CLANG_WARN_STRICT_PROTOTYPES = YES;
				CLANG_WARN_SUSPICIOUS_MOVE = YES;
				CLANG_WARN_UNGUARDED_AVAILABILITY = YES_AGGRESSIVE;
				CLANG_WARN_UNREACHABLE_CODE = YES;
				CLANG_WARN__DUPLICATE_METHOD_MATCH = YES;
				COPY_PHASE_STRIP = NO;
				DEAD_CODE_STRIPPING = YES;
				DEBUG_INFORMATION_FORMAT = dwarf;
				ENABLE_STRICT_OBJC_MSGSEND = YES;
				ENABLE_TESTABILITY = YES;
				GCC_C_LANGUAGE_STANDARD = gnu11;
				GCC_DYNAMIC_NO_PIC = NO;
				GCC_NO_COMMON_BLOCKS = YES;
				GCC_OPTIMIZATION_LEVEL = 0;
				GCC_PREPROCESSOR_DEFINITIONS = (
					"DEBUG=1",
					"$(inherited)",
				);
				GCC_WARN_64_TO_32_BIT_CONVERSION = YES;
				GCC_WARN_ABOUT_RETURN_TYPE = YES_ERROR;
				GCC_WARN_UNDECLARED_SELECTOR = YES;
				GCC_WARN_UNINITIALIZED_AUTOS = YES_AGGRESSIVE;
				GCC_WARN_UNUSED_FUNCTION = YES;
				GCC_WARN_UNUSED_VARIABLE = YES;
				MACOSX_DEPLOYMENT_TARGET = 10.15;
				MTL_ENABLE_DEBUG_INFO = INCLUDE_SOURCE;
				MTL_FAST_MATH = YES;
				ONLY_ACTIVE_ARCH = YES;
				SDKROOT = macosx;
			};
			name = Debug;
		};
		F43A462127C010B2000469BC /* Release */ = {
			isa = XCBuildConfiguration;
			buildSettings = {
				ALWAYS_SEARCH_USER_PATHS = NO;
				CLANG_ANALYZER_NONNULL = YES;
				CLANG_ANALYZER_NUMBER_OBJECT_CONVERSION = YES_AGGRESSIVE;
				CLANG_CXX_LANGUAGE_STANDARD = "gnu++17";
				CLANG_CXX_LIBRARY = "libc++";
				CLANG_ENABLE_MODULES = YES;
				CLANG_ENABLE_OBJC_ARC = YES;
				CLANG_ENABLE_OBJC_WEAK = YES;
				CLANG_WARN_BLOCK_CAPTURE_AUTORELEASING = YES;
				CLANG_WARN_BOOL_CONVERSION = YES;
				CLANG_WARN_COMMA = YES;
				CLANG_WARN_CONSTANT_CONVERSION = YES;
				CLANG_WARN_DEPRECATED_OBJC_IMPLEMENTATIONS = YES;
				CLANG_WARN_DIRECT_OBJC_ISA_USAGE = YES_ERROR;
				CLANG_WARN_DOCUMENTATION_COMMENTS = YES;
				CLANG_WARN_EMPTY_BODY = YES;
				CLANG_WARN_ENUM_CONVERSION = YES;
				CLANG_WARN_INFINITE_RECURSION = YES;
				CLANG_WARN_INT_CONVERSION = YES;
				CLANG_WARN_NON_LITERAL_NULL_CONVERSION = YES;
				CLANG_WARN_OBJC_IMPLICIT_RETAIN_SELF = YES;
				CLANG_WARN_OBJC_LITERAL_CONVERSION = YES;
				CLANG_WARN_OBJC_ROOT_CLASS = YES_ERROR;
				CLANG_WARN_QUOTED_INCLUDE_IN_FRAMEWORK_HEADER = YES;
				CLANG_WARN_RANGE_LOOP_ANALYSIS = YES;
				CLANG_WARN_STRICT_PROTOTYPES = YES;
				CLANG_WARN_SUSPICIOUS_MOVE = YES;
				CLANG_WARN_UNGUARDED_AVAILABILITY = YES_AGGRESSIVE;
				CLANG_WARN_UNREACHABLE_CODE = YES;
				CLANG_WARN__DUPLICATE_METHOD_MATCH = YES;
				COPY_PHASE_STRIP = YES;
				DEAD_CODE_STRIPPING = YES;
				DEBUG_INFORMATION_FORMAT = "dwarf-with-dsym";
				ENABLE_NS_ASSERTIONS = NO;
				ENABLE_STRICT_OBJC_MSGSEND = YES;
				GCC_C_LANGUAGE_STANDARD = gnu11;
				GCC_NO_COMMON_BLOCKS = YES;
				GCC_WARN_64_TO_32_BIT_CONVERSION = YES;
				GCC_WARN_ABOUT_RETURN_TYPE = YES_ERROR;
				GCC_WARN_UNDECLARED_SELECTOR = YES;
				GCC_WARN_UNINITIALIZED_AUTOS = YES_AGGRESSIVE;
				GCC_WARN_UNUSED_FUNCTION = YES;
				GCC_WARN_UNUSED_VARIABLE = YES;
				MACOSX_DEPLOYMENT_TARGET = 10.15;
				MTL_ENABLE_DEBUG_INFO = NO;
				MTL_FAST_MATH = YES;
				SDKROOT = macosx;
			};
			name = Release;
		};
		F43A462327C010B2000469BC /* Debug */ = {
			isa = XCBuildConfiguration;
			buildSettings = {
				CODE_SIGN_ENTITLEMENTS = hear.entitlements;
				CODE_SIGN_IDENTITY = "-";
				CODE_SIGN_STYLE = Automatic;
				CREATE_INFOPLIST_SECTION_IN_BINARY = YES;
				DEAD_CODE_STRIPPING = YES;
				DEPLOYMENT_POSTPROCESSING = YES;
				DEVELOPMENT_TEAM = 5WX26Y89JP;
				ENABLE_HARDENED_RUNTIME = YES;
				INFOPLIST_FILE = Info.plist;
				MACOSX_DEPLOYMENT_TARGET = 10.15;
				MARKETING_VERSION = 0.3.1;
				PRODUCT_BUNDLE_IDENTIFIER = org.sveinbjorn.hear;
				PRODUCT_NAME = "$(TARGET_NAME)";
				SKIP_INSTALL = YES;
			};
			name = Debug;
		};
		F43A462427C010B2000469BC /* Release */ = {
			isa = XCBuildConfiguration;
			buildSettings = {
				CODE_SIGN_ENTITLEMENTS = hear.entitlements;
				CODE_SIGN_IDENTITY = "-";
				CODE_SIGN_STYLE = Automatic;
				CREATE_INFOPLIST_SECTION_IN_BINARY = YES;
				DEAD_CODE_STRIPPING = YES;
				DEPLOYMENT_POSTPROCESSING = YES;
				DEVELOPMENT_TEAM = 5WX26Y89JP;
				ENABLE_HARDENED_RUNTIME = YES;
				INFOPLIST_FILE = Info.plist;
				MACOSX_DEPLOYMENT_TARGET = 10.15;
				MARKETING_VERSION = 0.3.1;
				PRODUCT_BUNDLE_IDENTIFIER = org.sveinbjorn.hear;
				PRODUCT_NAME = "$(TARGET_NAME)";
				SKIP_INSTALL = YES;
				STRIPFLAGS = "-x";
			};
			name = Release;
		};
/* End XCBuildConfiguration section */

/* Begin XCConfigurationList section */
		F43A461627C010B2000469BC /* Build configuration list for PBXProject "hear" */ = {
			isa = XCConfigurationList;
			buildConfigurations = (
				F43A462027C010B2000469BC /* Debug */,
				F43A462127C010B2000469BC /* Release */,
			);
			defaultConfigurationIsVisible = 0;
			defaultConfigurationName = Release;
		};
		F43A462227C010B2000469BC /* Build configuration list for PBXNativeTarget "hear" */ = {
			isa = XCConfigurationList;
			buildConfigurations = (
				F43A462327C010B2000469BC /* Debug */,
				F43A462427C010B2000469BC /* Release */,
			);
			defaultConfigurationIsVisible = 0;
			defaultConfigurationName = Release;
		};
/* End XCConfigurationList section */
	};
	rootObject = F43A461327C010B2000469BC /* Project object */;
}
